
Microsoft Visual Studio Solution File, Format Version 12.00
# Visual Studio Version 16
VisualStudioVersion = 16.0.29709.97
MinimumVisualStudioVersion = 10.0.40219.1
Project("{FAE04EC0-301F-11D3-BF4B-00C04F79EFBC}") = "BookListRazor", "BookListRazor\BookListRazor.csproj", "{918C36DB-9550-42DC-98FB-46326558701B}"
EndProject
Global
	GlobalSection(SolutionConfigurationPlatforms) = preSolution
		Debug|Any CPU = Debug|Any CPU
		Release|Any CPU = Release|Any CPU
	EndGlobalSection
	GlobalSection(ProjectConfigurationPlatforms) = postSolution
		{918C36DB-9550-42DC-98FB-46326558701B}.Debug|Any CPU.ActiveCfg = Debug|Any CPU
		{918C36DB-9550-42DC-98FB-46326558701B}.Debug|Any CPU.Build.0 = Debug|Any CPU
		{918C36DB-9550-42DC-98FB-46326558701B}.Release|Any CPU.ActiveCfg = Release|Any CPU
		{918C36DB-9550-42DC-98FB-46326558701B}.Release|Any CPU.Build.0 = Release|Any CPU
	EndGlobalSection
	GlobalSection(SolutionProperties) = preSolution
		HideSolutionNode = FALSE
	EndGlobalSection
	GlobalSection(ExtensibilityGlobals) = postSolution
		SolutionGuid = {DC0B8AF4-5CF4-4883-A6B1-D2E628EB5282}
	EndGlobalSection
EndGlobal
